
Microsoft Visual Studio Solution File, Format Version 12.00
# Visual Studio 15
VisualStudioVersion = 15.0.27428.2015
MinimumVisualStudioVersion = 10.0.40219.1
Project("{FAE04EC0-301F-11D3-BF4B-00C04F79EFBC}") = "LulusEatery", "LulusEatery\LulusEatery.csproj", "{2E69232E-675F-4656-85A2-217FF267AC2E}"
EndProject
Global
	GlobalSection(SolutionConfigurationPlatforms) = preSolution
		Debug|x86 = Debug|x86
	EndGlobalSection
	GlobalSection(ProjectConfigurationPlatforms) = postSolution
		{2E69232E-675F-4656-85A2-217FF267AC2E}.Debug|x86.ActiveCfg = Debug|x86
		{2E69232E-675F-4656-85A2-217FF267AC2E}.Debug|x86.Build.0 = Debug|x86
	EndGlobalSection
	GlobalSection(SolutionProperties) = preSolution
		HideSolutionNode = FALSE
	EndGlobalSection
	GlobalSection(ExtensibilityGlobals) = postSolution
		SolutionGuid = {4DCEB201-EEBC-4FCA-B918-2AF81149A1E7}
	EndGlobalSection
EndGlobal
